{
  "pins" : [
    {
      "identity" : "ios-mvpmodule",
      "kind" : "remoteSourceControl",
      "location" : "https://github.com/diia-open-source/ios-mvpmodule.git",
      "state" : {
        "revision" : "5d9ed70ec64b8557e0b85329628da81fe1df7081",
        "version" : "1.0.16"
      }
    }
  ],
  "version" : 2
}
